// !$*UTF8*$!
{
	archiveVersion = 1;
	classes = {
	};
	objectVersion = 46;
	objects = {

/* Begin PBXAggregateTarget section */
		D172A9691DCCF93300E352E4 /* Fat Framework */ = {
			isa = PBXAggregateTarget;
			buildConfigurationList = D172A96A1DCCF93300E352E4 /* Build configuration list for PBXAggregateTarget "Fat Framework" */;
			buildPhases = (
				D172A96D1DCCF98D00E352E4 /* ShellScript */,
			);
			dependencies = (
			);
			name = "Fat Framework";
			productName = "Fat Framework";
		};
/* End PBXAggregateTarget section */

/* Begin PBXBuildFile section */
		D108053F1DC2088100E5922B /* URLRequest+Tappx.swift in Sources */ = {isa = PBXBuildFile; fileRef = D108053E1DC2088100E5922B /* URLRequest+Tappx.swift */; };
		D10805401DC2088100E5922B /* URLRequest+Tappx.swift in Sources */ = {isa = PBXBuildFile; fileRef = D108053E1DC2088100E5922B /* URLRequest+Tappx.swift */; };
		D10805411DC2088100E5922B /* URLRequest+Tappx.swift in Sources */ = {isa = PBXBuildFile; fileRef = D108053E1DC2088100E5922B /* URLRequest+Tappx.swift */; };
		D10805421DC2088100E5922B /* URLRequest+Tappx.swift in Sources */ = {isa = PBXBuildFile; fileRef = D108053E1DC2088100E5922B /* URLRequest+Tappx.swift */; };
		D1AC85991DBA236100088A74 /* AdServerTappxFramework.framework in Frameworks */ = {isa = PBXBuildFile; fileRef = D1AC858F1DBA236100088A74 /* AdServerTappxFramework.framework */; };
		D1AC859E1DBA236100088A74 /* AdServerTappxFrameworkTests.swift in Sources */ = {isa = PBXBuildFile; fileRef = D1AC859D1DBA236100088A74 /* AdServerTappxFrameworkTests.swift */; };
		D1AC85A01DBA236100088A74 /* AdServerTappxFramework.h in Headers */ = {isa = PBXBuildFile; fileRef = D1AC85921DBA236100088A74 /* AdServerTappxFramework.h */; settings = {ATTRIBUTES = (Public, ); }; };
		D1AC85C31DBA23FF00088A74 /* AdServerTappxFrameworkAdMob.framework in Frameworks */ = {isa = PBXBuildFile; fileRef = D1AC85B21DBA23A000088A74 /* AdServerTappxFrameworkAdMob.framework */; };
		D1AC85C61DBA248000088A74 /* AdServerTappxFrameworkAdMobTests.swift in Sources */ = {isa = PBXBuildFile; fileRef = D1AC85C41DBA245C00088A74 /* AdServerTappxFrameworkAdMobTests.swift */; };
		D1AC85CA1DBA26F100088A74 /* AdServerTappxFrameworkAdMob.h in Headers */ = {isa = PBXBuildFile; fileRef = D1AC85C91DBA26CF00088A74 /* AdServerTappxFrameworkAdMob.h */; settings = {ATTRIBUTES = (Public, ); }; };
		D1AC85DD1DBA2AC600088A74 /* Greetings.swift in Sources */ = {isa = PBXBuildFile; fileRef = D1AC85CC1DBA274000088A74 /* Greetings.swift */; };
		D1AC85DE1DBA2AE200088A74 /* Greetings.swift in Sources */ = {isa = PBXBuildFile; fileRef = D1AC85CC1DBA274000088A74 /* Greetings.swift */; };
		D1B9A47F1DBE0D8A0083164E /* NetworkManager.swift in Sources */ = {isa = PBXBuildFile; fileRef = D1B9A47E1DBE0D8A0083164E /* NetworkManager.swift */; };
		D1B9A4801DBE0D8A0083164E /* NetworkManager.swift in Sources */ = {isa = PBXBuildFile; fileRef = D1B9A47E1DBE0D8A0083164E /* NetworkManager.swift */; };
		D1B9A4811DBE0D8A0083164E /* NetworkManager.swift in Sources */ = {isa = PBXBuildFile; fileRef = D1B9A47E1DBE0D8A0083164E /* NetworkManager.swift */; };
		D1B9A4821DBE0D8A0083164E /* NetworkManager.swift in Sources */ = {isa = PBXBuildFile; fileRef = D1B9A47E1DBE0D8A0083164E /* NetworkManager.swift */; };
		D1B9A4841DBE0E170083164E /* DataManager.swift in Sources */ = {isa = PBXBuildFile; fileRef = D1B9A4831DBE0E170083164E /* DataManager.swift */; };
		D1B9A4851DBE0E170083164E /* DataManager.swift in Sources */ = {isa = PBXBuildFile; fileRef = D1B9A4831DBE0E170083164E /* DataManager.swift */; };
		D1B9A4861DBE0E170083164E /* DataManager.swift in Sources */ = {isa = PBXBuildFile; fileRef = D1B9A4831DBE0E170083164E /* DataManager.swift */; };
		D1B9A4871DBE0E170083164E /* DataManager.swift in Sources */ = {isa = PBXBuildFile; fileRef = D1B9A4831DBE0E170083164E /* DataManager.swift */; };
		D1B9A48A1DBE6E990083164E /* Dictionary+URL.swift in Sources */ = {isa = PBXBuildFile; fileRef = D1B9A4891DBE6E990083164E /* Dictionary+URL.swift */; };
		D1B9A48B1DBE6E990083164E /* Dictionary+URL.swift in Sources */ = {isa = PBXBuildFile; fileRef = D1B9A4891DBE6E990083164E /* Dictionary+URL.swift */; };
		D1B9A48C1DBE6E990083164E /* Dictionary+URL.swift in Sources */ = {isa = PBXBuildFile; fileRef = D1B9A4891DBE6E990083164E /* Dictionary+URL.swift */; };
		D1B9A48D1DBE6E990083164E /* Dictionary+URL.swift in Sources */ = {isa = PBXBuildFile; fileRef = D1B9A4891DBE6E990083164E /* Dictionary+URL.swift */; };
		D1B9A48F1DBE6ECA0083164E /* String+URL.swift in Sources */ = {isa = PBXBuildFile; fileRef = D1B9A48E1DBE6ECA0083164E /* String+URL.swift */; };
		D1B9A4901DBE6ECA0083164E /* String+URL.swift in Sources */ = {isa = PBXBuildFile; fileRef = D1B9A48E1DBE6ECA0083164E /* String+URL.swift */; };
		D1B9A4911DBE6ECA0083164E /* String+URL.swift in Sources */ = {isa = PBXBuildFile; fileRef = D1B9A48E1DBE6ECA0083164E /* String+URL.swift */; };
		D1B9A4921DBE6ECA0083164E /* String+URL.swift in Sources */ = {isa = PBXBuildFile; fileRef = D1B9A48E1DBE6ECA0083164E /* String+URL.swift */; };
		D1EF1BA71DBA651D00A951F2 /* AdServerTappxFramework.swift in Sources */ = {isa = PBXBuildFile; fileRef = D1EF1BA61DBA651D00A951F2 /* AdServerTappxFramework.swift */; };
		D1EF1BA81DBA651D00A951F2 /* AdServerTappxFramework.swift in Sources */ = {isa = PBXBuildFile; fileRef = D1EF1BA61DBA651D00A951F2 /* AdServerTappxFramework.swift */; };
		D1EF1BA91DBA651D00A951F2 /* AdServerTappxFramework.swift in Sources */ = {isa = PBXBuildFile; fileRef = D1EF1BA61DBA651D00A951F2 /* AdServerTappxFramework.swift */; };
		D1EF1BAA1DBA651D00A951F2 /* AdServerTappxFramework.swift in Sources */ = {isa = PBXBuildFile; fileRef = D1EF1BA61DBA651D00A951F2 /* AdServerTappxFramework.swift */; };
/* End PBXBuildFile section */

/* Begin PBXContainerItemProxy section */
		D1AC859A1DBA236100088A74 /* PBXContainerItemProxy */ = {
			isa = PBXContainerItemProxy;
			containerPortal = D1AC85861DBA236100088A74 /* Project object */;
			proxyType = 1;
			remoteGlobalIDString = D1AC858E1DBA236100088A74;
			remoteInfo = AdServerTappxFramework;
		};
		D1AC85C11DBA23F800088A74 /* PBXContainerItemProxy */ = {
			isa = PBXContainerItemProxy;
			containerPortal = D1AC85861DBA236100088A74 /* Project object */;
			proxyType = 1;
			remoteGlobalIDString = D1AC85A91DBA23A000088A74;
			remoteInfo = AdServerTappxFrameworkAdMob;
		};
/* End PBXContainerItemProxy section */

/* Begin PBXFileReference section */
		D108053E1DC2088100E5922B /* URLRequest+Tappx.swift */ = {isa = PBXFileReference; fileEncoding = 4; lastKnownFileType = sourcecode.swift; path = "URLRequest+Tappx.swift"; sourceTree = "<group>"; };
		D1AC858F1DBA236100088A74 /* AdServerTappxFramework.framework */ = {isa = PBXFileReference; explicitFileType = wrapper.framework; includeInIndex = 0; path = AdServerTappxFramework.framework; sourceTree = BUILT_PRODUCTS_DIR; };
		D1AC85921DBA236100088A74 /* AdServerTappxFramework.h */ = {isa = PBXFileReference; lastKnownFileType = sourcecode.c.h; path = AdServerTappxFramework.h; sourceTree = "<group>"; };
		D1AC85931DBA236100088A74 /* Info.plist */ = {isa = PBXFileReference; lastKnownFileType = text.plist.xml; path = Info.plist; sourceTree = "<group>"; };
		D1AC85981DBA236100088A74 /* AdServerTappxFrameworkTests.xctest */ = {isa = PBXFileReference; explicitFileType = wrapper.cfbundle; includeInIndex = 0; path = AdServerTappxFrameworkTests.xctest; sourceTree = BUILT_PRODUCTS_DIR; };
		D1AC859D1DBA236100088A74 /* AdServerTappxFrameworkTests.swift */ = {isa = PBXFileReference; lastKnownFileType = sourcecode.swift; path = AdServerTappxFrameworkTests.swift; sourceTree = "<group>"; };
		D1AC859F1DBA236100088A74 /* Info.plist */ = {isa = PBXFileReference; lastKnownFileType = text.plist.xml; path = Info.plist; sourceTree = "<group>"; };
		D1AC85B21DBA23A000088A74 /* AdServerTappxFrameworkAdMob.framework */ = {isa = PBXFileReference; explicitFileType = wrapper.framework; includeInIndex = 0; path = AdServerTappxFrameworkAdMob.framework; sourceTree = BUILT_PRODUCTS_DIR; };
		D1AC85B31DBA23A000088A74 /* AdServerTappxFramework copy-Info.plist */ = {isa = PBXFileReference; lastKnownFileType = text.plist.xml; name = "AdServerTappxFramework copy-Info.plist"; path = "/Users/dalarcon/Development/4Crew/AdServerTappxFramework/AdServerTappxFramework copy-Info.plist"; sourceTree = "<absolute>"; };
		D1AC85BF1DBA23AA00088A74 /* AdServerTappxFrameworkTestsAdMob.xctest */ = {isa = PBXFileReference; explicitFileType = wrapper.cfbundle; includeInIndex = 0; path = AdServerTappxFrameworkTestsAdMob.xctest; sourceTree = BUILT_PRODUCTS_DIR; };
		D1AC85C01DBA23AA00088A74 /* AdServerTappxFrameworkTests copy-Info.plist */ = {isa = PBXFileReference; lastKnownFileType = text.plist.xml; name = "AdServerTappxFrameworkTests copy-Info.plist"; path = "/Users/dalarcon/Development/4Crew/AdServerTappxFramework/AdServerTappxFrameworkTests copy-Info.plist"; sourceTree = "<absolute>"; };
		D1AC85C41DBA245C00088A74 /* AdServerTappxFrameworkAdMobTests.swift */ = {isa = PBXFileReference; fileEncoding = 4; lastKnownFileType = sourcecode.swift; path = AdServerTappxFrameworkAdMobTests.swift; sourceTree = "<group>"; };
		D1AC85C91DBA26CF00088A74 /* AdServerTappxFrameworkAdMob.h */ = {isa = PBXFileReference; lastKnownFileType = sourcecode.c.h; path = AdServerTappxFrameworkAdMob.h; sourceTree = "<group>"; };
		D1AC85CC1DBA274000088A74 /* Greetings.swift */ = {isa = PBXFileReference; fileEncoding = 4; lastKnownFileType = sourcecode.swift; path = Greetings.swift; sourceTree = "<group>"; };
		D1B9A47E1DBE0D8A0083164E /* NetworkManager.swift */ = {isa = PBXFileReference; fileEncoding = 4; lastKnownFileType = sourcecode.swift; path = NetworkManager.swift; sourceTree = "<group>"; };
		D1B9A4831DBE0E170083164E /* DataManager.swift */ = {isa = PBXFileReference; fileEncoding = 4; lastKnownFileType = sourcecode.swift; path = DataManager.swift; sourceTree = "<group>"; };
		D1B9A4891DBE6E990083164E /* Dictionary+URL.swift */ = {isa = PBXFileReference; fileEncoding = 4; lastKnownFileType = sourcecode.swift; path = "Dictionary+URL.swift"; sourceTree = "<group>"; };
		D1B9A48E1DBE6ECA0083164E /* String+URL.swift */ = {isa = PBXFileReference; fileEncoding = 4; lastKnownFileType = sourcecode.swift; path = "String+URL.swift"; sourceTree = "<group>"; };
		D1EF1BA61DBA651D00A951F2 /* AdServerTappxFramework.swift */ = {isa = PBXFileReference; fileEncoding = 4; lastKnownFileType = sourcecode.swift; path = AdServerTappxFramework.swift; sourceTree = "<group>"; };
/* End PBXFileReference section */

/* Begin PBXFrameworksBuildPhase section */
		D1AC858B1DBA236100088A74 /* Frameworks */ = {
			isa = PBXFrameworksBuildPhase;
			buildActionMask = 2147483647;
			files = (
			);
			runOnlyForDeploymentPostprocessing = 0;
		};
		D1AC85951DBA236100088A74 /* Frameworks */ = {
			isa = PBXFrameworksBuildPhase;
			buildActionMask = 2147483647;
			files = (
				D1AC85991DBA236100088A74 /* AdServerTappxFramework.framework in Frameworks */,
			);
			runOnlyForDeploymentPostprocessing = 0;
		};
		D1AC85AB1DBA23A000088A74 /* Frameworks */ = {
			isa = PBXFrameworksBuildPhase;
			buildActionMask = 2147483647;
			files = (
			);
			runOnlyForDeploymentPostprocessing = 0;
		};
		D1AC85B91DBA23AA00088A74 /* Frameworks */ = {
			isa = PBXFrameworksBuildPhase;
			buildActionMask = 2147483647;
			files = (
				D1AC85C31DBA23FF00088A74 /* AdServerTappxFrameworkAdMob.framework in Frameworks */,
			);
			runOnlyForDeploymentPostprocessing = 0;
		};
/* End PBXFrameworksBuildPhase section */

/* Begin PBXGroup section */
		D1AC85851DBA236100088A74 = {
			isa = PBXGroup;
			children = (
				D1AC85911DBA236100088A74 /* AdServerTappxFramework */,
				D1AC859C1DBA236100088A74 /* AdServerTappxFrameworkTests */,
				D1AC85901DBA236100088A74 /* Products */,
				D1AC85B31DBA23A000088A74 /* AdServerTappxFramework copy-Info.plist */,
				D1AC85C01DBA23AA00088A74 /* AdServerTappxFrameworkTests copy-Info.plist */,
			);
			sourceTree = "<group>";
		};
		D1AC85901DBA236100088A74 /* Products */ = {
			isa = PBXGroup;
			children = (
				D1AC858F1DBA236100088A74 /* AdServerTappxFramework.framework */,
				D1AC85981DBA236100088A74 /* AdServerTappxFrameworkTests.xctest */,
				D1AC85B21DBA23A000088A74 /* AdServerTappxFrameworkAdMob.framework */,
				D1AC85BF1DBA23AA00088A74 /* AdServerTappxFrameworkTestsAdMob.xctest */,
			);
			name = Products;
			sourceTree = "<group>";
		};
		D1AC85911DBA236100088A74 /* AdServerTappxFramework */ = {
			isa = PBXGroup;
			children = (
				D1B9A4881DBE17450083164E /* Extensions */,
				D1AC85CB1DBA272100088A74 /* Network */,
				D1AC85921DBA236100088A74 /* AdServerTappxFramework.h */,
				D1AC85C91DBA26CF00088A74 /* AdServerTappxFrameworkAdMob.h */,
				D1AC85931DBA236100088A74 /* Info.plist */,
				D1AC85CC1DBA274000088A74 /* Greetings.swift */,
				D1EF1BA61DBA651D00A951F2 /* AdServerTappxFramework.swift */,
				D1B9A4831DBE0E170083164E /* DataManager.swift */,
			);
			path = AdServerTappxFramework;
			sourceTree = "<group>";
		};
		D1AC859C1DBA236100088A74 /* AdServerTappxFrameworkTests */ = {
			isa = PBXGroup;
			children = (
				D1AC859D1DBA236100088A74 /* AdServerTappxFrameworkTests.swift */,
				D1AC859F1DBA236100088A74 /* Info.plist */,
				D1AC85C41DBA245C00088A74 /* AdServerTappxFrameworkAdMobTests.swift */,
			);
			path = AdServerTappxFrameworkTests;
			sourceTree = "<group>";
		};
		D1AC85CB1DBA272100088A74 /* Network */ = {
			isa = PBXGroup;
			children = (
				D1B9A47E1DBE0D8A0083164E /* NetworkManager.swift */,
				D108053E1DC2088100E5922B /* URLRequest+Tappx.swift */,
			);
			path = Network;
			sourceTree = "<group>";
		};
		D1B9A4881DBE17450083164E /* Extensions */ = {
			isa = PBXGroup;
			children = (
				D1B9A48E1DBE6ECA0083164E /* String+URL.swift */,
				D1B9A4891DBE6E990083164E /* Dictionary+URL.swift */,
			);
			path = Extensions;
			sourceTree = "<group>";
		};
/* End PBXGroup section */

/* Begin PBXHeadersBuildPhase section */
		D1AC858C1DBA236100088A74 /* Headers */ = {
			isa = PBXHeadersBuildPhase;
			buildActionMask = 2147483647;
			files = (
				D1AC85A01DBA236100088A74 /* AdServerTappxFramework.h in Headers */,
			);
			runOnlyForDeploymentPostprocessing = 0;
		};
		D1AC85AC1DBA23A000088A74 /* Headers */ = {
			isa = PBXHeadersBuildPhase;
			buildActionMask = 2147483647;
			files = (
				D1AC85CA1DBA26F100088A74 /* AdServerTappxFrameworkAdMob.h in Headers */,
			);
			runOnlyForDeploymentPostprocessing = 0;
		};
/* End PBXHeadersBuildPhase section */

/* Begin PBXNativeTarget section */
		D1AC858E1DBA236100088A74 /* AdServerTappxFramework */ = {
			isa = PBXNativeTarget;
			buildConfigurationList = D1AC85A31DBA236100088A74 /* Build configuration list for PBXNativeTarget "AdServerTappxFramework" */;
			buildPhases = (
				D1AC858A1DBA236100088A74 /* Sources */,
				D1AC858B1DBA236100088A74 /* Frameworks */,
				D1AC858C1DBA236100088A74 /* Headers */,
				D1AC858D1DBA236100088A74 /* Resources */,
			);
			buildRules = (
			);
			dependencies = (
			);
			name = AdServerTappxFramework;
			productName = AdServerTappxFramework;
			productReference = D1AC858F1DBA236100088A74 /* AdServerTappxFramework.framework */;
			productType = "com.apple.product-type.framework";
		};
		D1AC85971DBA236100088A74 /* AdServerTappxFrameworkTests */ = {
			isa = PBXNativeTarget;
			buildConfigurationList = D1AC85A61DBA236100088A74 /* Build configuration list for PBXNativeTarget "AdServerTappxFrameworkTests" */;
			buildPhases = (
				D1AC85941DBA236100088A74 /* Sources */,
				D1AC85951DBA236100088A74 /* Frameworks */,
				D1AC85961DBA236100088A74 /* Resources */,
			);
			buildRules = (
			);
			dependencies = (
				D1AC859B1DBA236100088A74 /* PBXTargetDependency */,
			);
			name = AdServerTappxFrameworkTests;
			productName = AdServerTappxFrameworkTests;
			productReference = D1AC85981DBA236100088A74 /* AdServerTappxFrameworkTests.xctest */;
			productType = "com.apple.product-type.bundle.unit-test";
		};
		D1AC85A91DBA23A000088A74 /* AdServerTappxFrameworkAdMob */ = {
			isa = PBXNativeTarget;
			buildConfigurationList = D1AC85AF1DBA23A000088A74 /* Build configuration list for PBXNativeTarget "AdServerTappxFrameworkAdMob" */;
			buildPhases = (
				D1AC85AA1DBA23A000088A74 /* Sources */,
				D1AC85AB1DBA23A000088A74 /* Frameworks */,
				D1AC85AC1DBA23A000088A74 /* Headers */,
				D1AC85AE1DBA23A000088A74 /* Resources */,
			);
			buildRules = (
			);
			dependencies = (
			);
			name = AdServerTappxFrameworkAdMob;
			productName = AdServerTappxFramework;
			productReference = D1AC85B21DBA23A000088A74 /* AdServerTappxFrameworkAdMob.framework */;
			productType = "com.apple.product-type.framework";
		};
		D1AC85B41DBA23AA00088A74 /* AdServerTappxFrameworkTestsAdMob */ = {
			isa = PBXNativeTarget;
			buildConfigurationList = D1AC85BC1DBA23AA00088A74 /* Build configuration list for PBXNativeTarget "AdServerTappxFrameworkTestsAdMob" */;
			buildPhases = (
				D1AC85B71DBA23AA00088A74 /* Sources */,
				D1AC85B91DBA23AA00088A74 /* Frameworks */,
				D1AC85BB1DBA23AA00088A74 /* Resources */,
			);
			buildRules = (
			);
			dependencies = (
				D1AC85C21DBA23F800088A74 /* PBXTargetDependency */,
			);
			name = AdServerTappxFrameworkTestsAdMob;
			productName = AdServerTappxFrameworkTests;
			productReference = D1AC85BF1DBA23AA00088A74 /* AdServerTappxFrameworkTestsAdMob.xctest */;
			productType = "com.apple.product-type.bundle.unit-test";
		};
/* End PBXNativeTarget section */

/* Begin PBXProject section */
		D1AC85861DBA236100088A74 /* Project object */ = {
			isa = PBXProject;
			attributes = {
				LastSwiftUpdateCheck = 0800;
				LastUpgradeCheck = 0810;
				ORGANIZATIONNAME = 4Crew;
				TargetAttributes = {
					D172A9691DCCF93300E352E4 = {
						CreatedOnToolsVersion = 8.1;
						DevelopmentTeam = N74TV576H8;
						ProvisioningStyle = Automatic;
					};
					D1AC858E1DBA236100088A74 = {
						CreatedOnToolsVersion = 8.0;
						DevelopmentTeam = N74TV576H8;
						LastSwiftMigration = 0800;
						ProvisioningStyle = Automatic;
					};
					D1AC85971DBA236100088A74 = {
						CreatedOnToolsVersion = 8.0;
						DevelopmentTeam = N74TV576H8;
						ProvisioningStyle = Automatic;
					};
					D1AC85A91DBA23A000088A74 = {
						DevelopmentTeam = N74TV576H8;
						LastSwiftMigration = 0800;
					};
					D1AC85B41DBA23AA00088A74 = {
						DevelopmentTeam = N74TV576H8;
					};
				};
			};
			buildConfigurationList = D1AC85891DBA236100088A74 /* Build configuration list for PBXProject "AdServerTappxFramework" */;
			compatibilityVersion = "Xcode 3.2";
			developmentRegion = English;
			hasScannedForEncodings = 0;
			knownRegions = (
				en,
			);
			mainGroup = D1AC85851DBA236100088A74;
			productRefGroup = D1AC85901DBA236100088A74 /* Products */;
			projectDirPath = "";
			projectRoot = "";
			targets = (
				D1AC858E1DBA236100088A74 /* AdServerTappxFramework */,
				D1AC85971DBA236100088A74 /* AdServerTappxFrameworkTests */,
				D1AC85A91DBA23A000088A74 /* AdServerTappxFrameworkAdMob */,
				D1AC85B41DBA23AA00088A74 /* AdServerTappxFrameworkTestsAdMob */,
				D172A9691DCCF93300E352E4 /* Fat Framework */,
			);
		};
/* End PBXProject section */

/* Begin PBXResourcesBuildPhase section */
		D1AC858D1DBA236100088A74 /* Resources */ = {
			isa = PBXResourcesBuildPhase;
			buildActionMask = 2147483647;
			files = (
			);
			runOnlyForDeploymentPostprocessing = 0;
		};
		D1AC85961DBA236100088A74 /* Resources */ = {
			isa = PBXResourcesBuildPhase;
			buildActionMask = 2147483647;
			files = (
			);
			runOnlyForDeploymentPostprocessing = 0;
		};
		D1AC85AE1DBA23A000088A74 /* Resources */ = {
			isa = PBXResourcesBuildPhase;
			buildActionMask = 2147483647;
			files = (
			);
			runOnlyForDeploymentPostprocessing = 0;
		};
		D1AC85BB1DBA23AA00088A74 /* Resources */ = {
			isa = PBXResourcesBuildPhase;
			buildActionMask = 2147483647;
			files = (
			);
			runOnlyForDeploymentPostprocessing = 0;
		};
/* End PBXResourcesBuildPhase section */

/* Begin PBXShellScriptBuildPhase section */
		D172A96D1DCCF98D00E352E4 /* ShellScript */ = {
			isa = PBXShellScriptBuildPhase;
			buildActionMask = 2147483647;
			files = (
			);
			inputPaths = (
			);
			outputPaths = (
			);
			runOnlyForDeploymentPostprocessing = 0;
			shellPath = /bin/sh;
			shellScript = "#!/bin/sh\n\nUNIVERSAL_OUTPUTFOLDER=${BUILD_DIR}/${CONFIGURATION}-universal\n\n# make sure the output directory exists\nmkdir -p \"${UNIVERSAL_OUTPUTFOLDER}\"\n\n# Step 1. Build Device and Simulator versions\nxcodebuild -target \"${PROJECT_NAME}\" ONLY_ACTIVE_ARCH=NO -configuration ${CONFIGURATION} -sdk iphoneos  BUILD_DIR=\"${BUILD_DIR}\" BUILD_ROOT=\"${BUILD_ROOT}\" clean build\nxcodebuild -target \"${PROJECT_NAME}\" -configuration ${CONFIGURATION} -sdk iphonesimulator ONLY_ACTIVE_ARCH=NO BUILD_DIR=\"${BUILD_DIR}\" BUILD_ROOT=\"${BUILD_ROOT}\" clean build\n\n# Step 2. Copy the framework structure (from iphoneos build) to the universal folder\ncp -R \"${BUILD_DIR}/${CONFIGURATION}-iphoneos/${PROJECT_NAME}.framework\" \"${UNIVERSAL_OUTPUTFOLDER}/\"\n\n# Step 3. Copy Swift modules (from iphonesimulator build) to the copied framework directory\ncp -R \"${BUILD_DIR}/${CONFIGURATION}-iphonesimulator/${PROJECT_NAME}.framework/Modules/${PROJECT_NAME}.swiftmodule/.\" \"${UNIVERSAL_OUTPUTFOLDER}/${PROJECT_NAME}.framework/Modules/${PROJECT_NAME}.swiftmodule\"\n\n# Step 4. Create universal binary file using lipo and place the combined executable in the copied framework directory\nlipo -create -output \"${UNIVERSAL_OUTPUTFOLDER}/${PROJECT_NAME}.framework/${PROJECT_NAME}\" \"${BUILD_DIR}/${CONFIGURATION}-iphonesimulator/${PROJECT_NAME}.framework/${PROJECT_NAME}\" \"${BUILD_DIR}/${CONFIGURATION}-iphoneos/${PROJECT_NAME}.framework/${PROJECT_NAME}\"\n\n# Step 5. Convenience step to copy the framework to the project's directory\ncp -R \"${UNIVERSAL_OUTPUTFOLDER}/${PROJECT_NAME}.framework\" \"${PROJECT_DIR}\"\n\n# Step 6. Convenience step to open the project's directory in Finder\nopen \"${PROJECT_DIR}\"";
		};
/* End PBXShellScriptBuildPhase section */

/* Begin PBXSourcesBuildPhase section */
		D1AC858A1DBA236100088A74 /* Sources */ = {
			isa = PBXSourcesBuildPhase;
			buildActionMask = 2147483647;
			files = (
				D108053F1DC2088100E5922B /* URLRequest+Tappx.swift in Sources */,
				D1B9A47F1DBE0D8A0083164E /* NetworkManager.swift in Sources */,
				D1B9A4841DBE0E170083164E /* DataManager.swift in Sources */,
				D1B9A48F1DBE6ECA0083164E /* String+URL.swift in Sources */,
				D1EF1BA71DBA651D00A951F2 /* AdServerTappxFramework.swift in Sources */,
				D1AC85DD1DBA2AC600088A74 /* Greetings.swift in Sources */,
				D1B9A48A1DBE6E990083164E /* Dictionary+URL.swift in Sources */,
			);
			runOnlyForDeploymentPostprocessing = 0;
		};
		D1AC85941DBA236100088A74 /* Sources */ = {
			isa = PBXSourcesBuildPhase;
			buildActionMask = 2147483647;
			files = (
				D10805401DC2088100E5922B /* URLRequest+Tappx.swift in Sources */,
				D1B9A4801DBE0D8A0083164E /* NetworkManager.swift in Sources */,
				D1B9A4851DBE0E170083164E /* DataManager.swift in Sources */,
				D1B9A4901DBE6ECA0083164E /* String+URL.swift in Sources */,
				D1EF1BA81DBA651D00A951F2 /* AdServerTappxFramework.swift in Sources */,
				D1AC859E1DBA236100088A74 /* AdServerTappxFrameworkTests.swift in Sources */,
				D1B9A48B1DBE6E990083164E /* Dictionary+URL.swift in Sources */,
			);
			runOnlyForDeploymentPostprocessing = 0;
		};
		D1AC85AA1DBA23A000088A74 /* Sources */ = {
			isa = PBXSourcesBuildPhase;
			buildActionMask = 2147483647;
			files = (
				D10805411DC2088100E5922B /* URLRequest+Tappx.swift in Sources */,
				D1B9A4811DBE0D8A0083164E /* NetworkManager.swift in Sources */,
				D1B9A4861DBE0E170083164E /* DataManager.swift in Sources */,
				D1B9A4911DBE6ECA0083164E /* String+URL.swift in Sources */,
				D1EF1BA91DBA651D00A951F2 /* AdServerTappxFramework.swift in Sources */,
				D1AC85DE1DBA2AE200088A74 /* Greetings.swift in Sources */,
				D1B9A48C1DBE6E990083164E /* Dictionary+URL.swift in Sources */,
			);
			runOnlyForDeploymentPostprocessing = 0;
		};
		D1AC85B71DBA23AA00088A74 /* Sources */ = {
			isa = PBXSourcesBuildPhase;
			buildActionMask = 2147483647;
			files = (
				D10805421DC2088100E5922B /* URLRequest+Tappx.swift in Sources */,
				D1B9A4821DBE0D8A0083164E /* NetworkManager.swift in Sources */,
				D1B9A4871DBE0E170083164E /* DataManager.swift in Sources */,
				D1B9A4921DBE6ECA0083164E /* String+URL.swift in Sources */,
				D1EF1BAA1DBA651D00A951F2 /* AdServerTappxFramework.swift in Sources */,
				D1AC85C61DBA248000088A74 /* AdServerTappxFrameworkAdMobTests.swift in Sources */,
				D1B9A48D1DBE6E990083164E /* Dictionary+URL.swift in Sources */,
			);
			runOnlyForDeploymentPostprocessing = 0;
		};
/* End PBXSourcesBuildPhase section */

/* Begin PBXTargetDependency section */
		D1AC859B1DBA236100088A74 /* PBXTargetDependency */ = {
			isa = PBXTargetDependency;
			target = D1AC858E1DBA236100088A74 /* AdServerTappxFramework */;
			targetProxy = D1AC859A1DBA236100088A74 /* PBXContainerItemProxy */;
		};
		D1AC85C21DBA23F800088A74 /* PBXTargetDependency */ = {
			isa = PBXTargetDependency;
			target = D1AC85A91DBA23A000088A74 /* AdServerTappxFrameworkAdMob */;
			targetProxy = D1AC85C11DBA23F800088A74 /* PBXContainerItemProxy */;
		};
/* End PBXTargetDependency section */

/* Begin XCBuildConfiguration section */
		D172A96B1DCCF93300E352E4 /* Debug */ = {
			isa = XCBuildConfiguration;
			buildSettings = {
				DEVELOPMENT_TEAM = N74TV576H8;
				PRODUCT_NAME = "$(TARGET_NAME)";
			};
			name = Debug;
		};
		D172A96C1DCCF93300E352E4 /* Release */ = {
			isa = XCBuildConfiguration;
			buildSettings = {
				DEVELOPMENT_TEAM = N74TV576H8;
				PRODUCT_NAME = "$(TARGET_NAME)";
			};
			name = Release;
		};
		D1AC85A11DBA236100088A74 /* Debug */ = {
			isa = XCBuildConfiguration;
			buildSettings = {
				ALWAYS_SEARCH_USER_PATHS = NO;
				CLANG_ANALYZER_NONNULL = YES;
				CLANG_CXX_LANGUAGE_STANDARD = "gnu++0x";
				CLANG_CXX_LIBRARY = "libc++";
				CLANG_ENABLE_MODULES = YES;
				CLANG_ENABLE_OBJC_ARC = YES;
				CLANG_WARN_BOOL_CONVERSION = YES;
				CLANG_WARN_CONSTANT_CONVERSION = YES;
				CLANG_WARN_DIRECT_OBJC_ISA_USAGE = YES_ERROR;
				CLANG_WARN_DOCUMENTATION_COMMENTS = YES;
				CLANG_WARN_EMPTY_BODY = YES;
				CLANG_WARN_ENUM_CONVERSION = YES;
				CLANG_WARN_INFINITE_RECURSION = YES;
				CLANG_WARN_INT_CONVERSION = YES;
				CLANG_WARN_OBJC_ROOT_CLASS = YES_ERROR;
				CLANG_WARN_SUSPICIOUS_MOVE = YES;
				CLANG_WARN_SUSPICIOUS_MOVES = YES;
				CLANG_WARN_UNREACHABLE_CODE = YES;
				CLANG_WARN__DUPLICATE_METHOD_MATCH = YES;
				"CODE_SIGN_IDENTITY[sdk=iphoneos*]" = "iPhone Developer";
				COPY_PHASE_STRIP = NO;
				CURRENT_PROJECT_VERSION = 1;
				DEBUG_INFORMATION_FORMAT = dwarf;
				ENABLE_STRICT_OBJC_MSGSEND = YES;
				ENABLE_TESTABILITY = YES;
				GCC_C_LANGUAGE_STANDARD = gnu99;
				GCC_DYNAMIC_NO_PIC = NO;
				GCC_NO_COMMON_BLOCKS = YES;
				GCC_OPTIMIZATION_LEVEL = 0;
				GCC_PREPROCESSOR_DEFINITIONS = (
					"DEBUG=1",
					"$(inherited)",
				);
				GCC_WARN_64_TO_32_BIT_CONVERSION = YES;
				GCC_WARN_ABOUT_RETURN_TYPE = YES_ERROR;
				GCC_WARN_UNDECLARED_SELECTOR = YES;
				GCC_WARN_UNINITIALIZED_AUTOS = YES_AGGRESSIVE;
				GCC_WARN_UNUSED_FUNCTION = YES;
				GCC_WARN_UNUSED_VARIABLE = YES;
				IPHONEOS_DEPLOYMENT_TARGET = 8.0;
				MTL_ENABLE_DEBUG_INFO = YES;
				ONLY_ACTIVE_ARCH = YES;
				SDKROOT = iphoneos;
				SWIFT_ACTIVE_COMPILATION_CONDITIONS = DEBUG;
				SWIFT_OPTIMIZATION_LEVEL = "-Onone";
				TARGETED_DEVICE_FAMILY = "1,2";
				VERSIONING_SYSTEM = "apple-generic";
				VERSION_INFO_PREFIX = "";
			};
			name = Debug;
		};
		D1AC85A21DBA236100088A74 /* Release */ = {
			isa = XCBuildConfiguration;
			buildSettings = {
				ALWAYS_SEARCH_USER_PATHS = NO;
				CLANG_ANALYZER_NONNULL = YES;
				CLANG_CXX_LANGUAGE_STANDARD = "gnu++0x";
				CLANG_CXX_LIBRARY = "libc++";
				CLANG_ENABLE_MODULES = YES;
				CLANG_ENABLE_OBJC_ARC = YES;
				CLANG_WARN_BOOL_CONVERSION = YES;
				CLANG_WARN_CONSTANT_CONVERSION = YES;
				CLANG_WARN_DIRECT_OBJC_ISA_USAGE = YES_ERROR;
				CLANG_WARN_DOCUMENTATION_COMMENTS = YES;
				CLANG_WARN_EMPTY_BODY = YES;
				CLANG_WARN_ENUM_CONVERSION = YES;
				CLANG_WARN_INFINITE_RECURSION = YES;
				CLANG_WARN_INT_CONVERSION = YES;
				CLANG_WARN_OBJC_ROOT_CLASS = YES_ERROR;
				CLANG_WARN_SUSPICIOUS_MOVE = YES;
				CLANG_WARN_SUSPICIOUS_MOVES = YES;
				CLANG_WARN_UNREACHABLE_CODE = YES;
				CLANG_WARN__DUPLICATE_METHOD_MATCH = YES;
				"CODE_SIGN_IDENTITY[sdk=iphoneos*]" = "iPhone Developer";
				COPY_PHASE_STRIP = NO;
				CURRENT_PROJECT_VERSION = 1;
				DEBUG_INFORMATION_FORMAT = "dwarf-with-dsym";
				ENABLE_NS_ASSERTIONS = NO;
				ENABLE_STRICT_OBJC_MSGSEND = YES;
				GCC_C_LANGUAGE_STANDARD = gnu99;
				GCC_NO_COMMON_BLOCKS = YES;
				GCC_WARN_64_TO_32_BIT_CONVERSION = YES;
				GCC_WARN_ABOUT_RETURN_TYPE = YES_ERROR;
				GCC_WARN_UNDECLARED_SELECTOR = YES;
				GCC_WARN_UNINITIALIZED_AUTOS = YES_AGGRESSIVE;
				GCC_WARN_UNUSED_FUNCTION = YES;
				GCC_WARN_UNUSED_VARIABLE = YES;
				IPHONEOS_DEPLOYMENT_TARGET = 8.0;
				MTL_ENABLE_DEBUG_INFO = NO;
				SDKROOT = iphoneos;
				SWIFT_OPTIMIZATION_LEVEL = "-Owholemodule";
				TARGETED_DEVICE_FAMILY = "1,2";
				VALIDATE_PRODUCT = YES;
				VERSIONING_SYSTEM = "apple-generic";
				VERSION_INFO_PREFIX = "";
			};
			name = Release;
		};
		D1AC85A41DBA236100088A74 /* Debug */ = {
			isa = XCBuildConfiguration;
			buildSettings = {
				CLANG_ENABLE_MODULES = YES;
				CODE_SIGN_IDENTITY = "";
				DEFINES_MODULE = YES;
				DEVELOPMENT_TEAM = N74TV576H8;
				DYLIB_COMPATIBILITY_VERSION = 1;
				DYLIB_CURRENT_VERSION = 1;
				DYLIB_INSTALL_NAME_BASE = "@rpath";
				INFOPLIST_FILE = AdServerTappxFramework/Info.plist;
				INSTALL_PATH = "$(LOCAL_LIBRARY_DIR)/Frameworks";
				LD_RUNPATH_SEARCH_PATHS = "$(inherited) @executable_path/Frameworks @loader_path/Frameworks";
				PRODUCT_BUNDLE_IDENTIFIER = com.4crew.sada.AdServerTappxFramework;
				PRODUCT_NAME = "$(TARGET_NAME)";
				SKIP_INSTALL = YES;
				SWIFT_OPTIMIZATION_LEVEL = "-Onone";
				SWIFT_VERSION = 3.0;
			};
			name = Debug;
		};
		D1AC85A51DBA236100088A74 /* Release */ = {
			isa = XCBuildConfiguration;
			buildSettings = {
				CLANG_ENABLE_MODULES = YES;
				CODE_SIGN_IDENTITY = "";
				DEFINES_MODULE = YES;
				DEVELOPMENT_TEAM = N74TV576H8;
				DYLIB_COMPATIBILITY_VERSION = 1;
				DYLIB_CURRENT_VERSION = 1;
				DYLIB_INSTALL_NAME_BASE = "@rpath";
				INFOPLIST_FILE = AdServerTappxFramework/Info.plist;
				INSTALL_PATH = "$(LOCAL_LIBRARY_DIR)/Frameworks";
				LD_RUNPATH_SEARCH_PATHS = "$(inherited) @executable_path/Frameworks @loader_path/Frameworks";
				PRODUCT_BUNDLE_IDENTIFIER = com.4crew.sada.AdServerTappxFramework;
				PRODUCT_NAME = "$(TARGET_NAME)";
				SKIP_INSTALL = YES;
				SWIFT_VERSION = 3.0;
			};
			name = Release;
		};
		D1AC85A71DBA236100088A74 /* Debug */ = {
			isa = XCBuildConfiguration;
			buildSettings = {
				ALWAYS_EMBED_SWIFT_STANDARD_LIBRARIES = YES;
				DEVELOPMENT_TEAM = N74TV576H8;
				INFOPLIST_FILE = AdServerTappxFrameworkTests/Info.plist;
				LD_RUNPATH_SEARCH_PATHS = "$(inherited) @executable_path/Frameworks @loader_path/Frameworks";
				PRODUCT_BUNDLE_IDENTIFIER = com.4crew.sada.AdServerTappxFrameworkTests;
				PRODUCT_NAME = "$(TARGET_NAME)";
				SWIFT_VERSION = 3.0;
			};
			name = Debug;
		};
		D1AC85A81DBA236100088A74 /* Release */ = {
			isa = XCBuildConfiguration;
			buildSettings = {
				ALWAYS_EMBED_SWIFT_STANDARD_LIBRARIES = YES;
				DEVELOPMENT_TEAM = N74TV576H8;
				INFOPLIST_FILE = AdServerTappxFrameworkTests/Info.plist;
				LD_RUNPATH_SEARCH_PATHS = "$(inherited) @executable_path/Frameworks @loader_path/Frameworks";
				PRODUCT_BUNDLE_IDENTIFIER = com.4crew.sada.AdServerTappxFrameworkTests;
				PRODUCT_NAME = "$(TARGET_NAME)";
				SWIFT_VERSION = 3.0;
			};
			name = Release;
		};
		D1AC85B01DBA23A000088A74 /* Debug */ = {
			isa = XCBuildConfiguration;
			buildSettings = {
				CLANG_ENABLE_MODULES = YES;
				CODE_SIGN_IDENTITY = "";
				DEFINES_MODULE = YES;
				DEVELOPMENT_TEAM = N74TV576H8;
				DYLIB_COMPATIBILITY_VERSION = 1;
				DYLIB_CURRENT_VERSION = 1;
				DYLIB_INSTALL_NAME_BASE = "@rpath";
				INFOPLIST_FILE = "AdServerTappxFramework copy-Info.plist";
				INSTALL_PATH = "$(LOCAL_LIBRARY_DIR)/Frameworks";
				LD_RUNPATH_SEARCH_PATHS = "$(inherited) @executable_path/Frameworks @loader_path/Frameworks";
				PRODUCT_BUNDLE_IDENTIFIER = com.4crew.sada.AdServerTappxFramework;
				PRODUCT_NAME = "$(TARGET_NAME)";
				SKIP_INSTALL = YES;
				SWIFT_OPTIMIZATION_LEVEL = "-Onone";
				SWIFT_VERSION = 3.0;
			};
			name = Debug;
		};
		D1AC85B11DBA23A000088A74 /* Release */ = {
			isa = XCBuildConfiguration;
			buildSettings = {
				CLANG_ENABLE_MODULES = YES;
				CODE_SIGN_IDENTITY = "";
				DEFINES_MODULE = YES;
				DEVELOPMENT_TEAM = N74TV576H8;
				DYLIB_COMPATIBILITY_VERSION = 1;
				DYLIB_CURRENT_VERSION = 1;
				DYLIB_INSTALL_NAME_BASE = "@rpath";
				INFOPLIST_FILE = "AdServerTappxFramework copy-Info.plist";
				INSTALL_PATH = "$(LOCAL_LIBRARY_DIR)/Frameworks";
				LD_RUNPATH_SEARCH_PATHS = "$(inherited) @executable_path/Frameworks @loader_path/Frameworks";
				PRODUCT_BUNDLE_IDENTIFIER = com.4crew.sada.AdServerTappxFramework;
				PRODUCT_NAME = "$(TARGET_NAME)";
				SKIP_INSTALL = YES;
				SWIFT_VERSION = 3.0;
			};
			name = Release;
		};
		D1AC85BD1DBA23AA00088A74 /* Debug */ = {
			isa = XCBuildConfiguration;
			buildSettings = {
				ALWAYS_EMBED_SWIFT_STANDARD_LIBRARIES = YES;
				DEVELOPMENT_TEAM = N74TV576H8;
				INFOPLIST_FILE = "AdServerTappxFrameworkTests copy-Info.plist";
				LD_RUNPATH_SEARCH_PATHS = "$(inherited) @executable_path/Frameworks @loader_path/Frameworks";
				PRODUCT_BUNDLE_IDENTIFIER = com.4crew.sada.AdServerTappxFrameworkTests;
				PRODUCT_NAME = "$(TARGET_NAME)";
				SWIFT_VERSION = 3.0;
			};
			name = Debug;
		};
		D1AC85BE1DBA23AA00088A74 /* Release */ = {
			isa = XCBuildConfiguration;
			buildSettings = {
				ALWAYS_EMBED_SWIFT_STANDARD_LIBRARIES = YES;
				DEVELOPMENT_TEAM = N74TV576H8;
				INFOPLIST_FILE = "AdServerTappxFrameworkTests copy-Info.plist";
				LD_RUNPATH_SEARCH_PATHS = "$(inherited) @executable_path/Frameworks @loader_path/Frameworks";
				PRODUCT_BUNDLE_IDENTIFIER = com.4crew.sada.AdServerTappxFrameworkTests;
				PRODUCT_NAME = "$(TARGET_NAME)";
				SWIFT_VERSION = 3.0;
			};
			name = Release;
		};
/* End XCBuildConfiguration section */

/* Begin XCConfigurationList section */
		D172A96A1DCCF93300E352E4 /* Build configuration list for PBXAggregateTarget "Fat Framework" */ = {
			isa = XCConfigurationList;
			buildConfigurations = (
				D172A96B1DCCF93300E352E4 /* Debug */,
				D172A96C1DCCF93300E352E4 /* Release */,
			);
			defaultConfigurationIsVisible = 0;
		};
		D1AC85891DBA236100088A74 /* Build configuration list for PBXProject "AdServerTappxFramework" */ = {
			isa = XCConfigurationList;
			buildConfigurations = (
				D1AC85A11DBA236100088A74 /* Debug */,
				D1AC85A21DBA236100088A74 /* Release */,
			);
			defaultConfigurationIsVisible = 0;
			defaultConfigurationName = Release;
		};
		D1AC85A31DBA236100088A74 /* Build configuration list for PBXNativeTarget "AdServerTappxFramework" */ = {
			isa = XCConfigurationList;
			buildConfigurations = (
				D1AC85A41DBA236100088A74 /* Debug */,
				D1AC85A51DBA236100088A74 /* Release */,
			);
			defaultConfigurationIsVisible = 0;
			defaultConfigurationName = Release;
		};
		D1AC85A61DBA236100088A74 /* Build configuration list for PBXNativeTarget "AdServerTappxFrameworkTests" */ = {
			isa = XCConfigurationList;
			buildConfigurations = (
				D1AC85A71DBA236100088A74 /* Debug */,
				D1AC85A81DBA236100088A74 /* Release */,
			);
			defaultConfigurationIsVisible = 0;
			defaultConfigurationName = Release;
		};
		D1AC85AF1DBA23A000088A74 /* Build configuration list for PBXNativeTarget "AdServerTappxFrameworkAdMob" */ = {
			isa = XCConfigurationList;
			buildConfigurations = (
				D1AC85B01DBA23A000088A74 /* Debug */,
				D1AC85B11DBA23A000088A74 /* Release */,
			);
			defaultConfigurationIsVisible = 0;
			defaultConfigurationName = Release;
		};
		D1AC85BC1DBA23AA00088A74 /* Build configuration list for PBXNativeTarget "AdServerTappxFrameworkTestsAdMob" */ = {
			isa = XCConfigurationList;
			buildConfigurations = (
				D1AC85BD1DBA23AA00088A74 /* Debug */,
				D1AC85BE1DBA23AA00088A74 /* Release */,
			);
			defaultConfigurationIsVisible = 0;
			defaultConfigurationName = Release;
		};
/* End XCConfigurationList section */
	};
	rootObject = D1AC85861DBA236100088A74 /* Project object */;
}
